// !$*UTF8*$!
{
	archiveVersion = 1;
	classes = {
	};
	objectVersion = 56;
	objects = {

/* Begin PBXBuildFile section */
		6C2E7A2029B9B0E00031C286 /* AppDelegate.swift in Sources */ = {isa = PBXBuildFile; fileRef = 6C2E7A1F29B9B0E00031C286 /* AppDelegate.swift */; };
		6C2E7A2229B9B0E00031C286 /* SceneDelegate.swift in Sources */ = {isa = PBXBuildFile; fileRef = 6C2E7A2129B9B0E00031C286 /* SceneDelegate.swift */; };
		6C2E7A2429B9B0E00031C286 /* RMTabViewController.swift in Sources */ = {isa = PBXBuildFile; fileRef = 6C2E7A2329B9B0E00031C286 /* RMTabViewController.swift */; };
		6C2E7A2929B9B0E10031C286 /* Assets.xcassets in Resources */ = {isa = PBXBuildFile; fileRef = 6C2E7A2829B9B0E10031C286 /* Assets.xcassets */; };
		6C2E7A2C29B9B0E10031C286 /* LaunchScreen.storyboard in Resources */ = {isa = PBXBuildFile; fileRef = 6C2E7A2A29B9B0E10031C286 /* LaunchScreen.storyboard */; };
		6C2E7A3929B9BF5A0031C286 /* RMCharacterViewController.swift in Sources */ = {isa = PBXBuildFile; fileRef = 6C2E7A3829B9BF5A0031C286 /* RMCharacterViewController.swift */; };
		6C2E7A3C29B9BF820031C286 /* RMLocationViewController.swift in Sources */ = {isa = PBXBuildFile; fileRef = 6C2E7A3B29B9BF820031C286 /* RMLocationViewController.swift */; };
		6C2E7A3E29B9BFAA0031C286 /* RMEpisodeViewController.swift in Sources */ = {isa = PBXBuildFile; fileRef = 6C2E7A3D29B9BFAA0031C286 /* RMEpisodeViewController.swift */; };
		6C2E7A4029B9BFBE0031C286 /* RMSettingViewController.swift in Sources */ = {isa = PBXBuildFile; fileRef = 6C2E7A3F29B9BFBE0031C286 /* RMSettingViewController.swift */; };
		6C4D989129CAD6DD005483B1 /* RMCharacterPhotoTableViewCellViewModel.swift in Sources */ = {isa = PBXBuildFile; fileRef = 6C4D989029CAD6DD005483B1 /* RMCharacterPhotoTableViewCellViewModel.swift */; };
		6C4D989429CAD713005483B1 /* RMCharacterInfoTableViewCellViewModel.swift in Sources */ = {isa = PBXBuildFile; fileRef = 6C4D989329CAD713005483B1 /* RMCharacterInfoTableViewCellViewModel.swift */; };
		6C4D989629CAD728005483B1 /* RMCharacterEpisodeTableViewCellViewModel.swift in Sources */ = {isa = PBXBuildFile; fileRef = 6C4D989529CAD728005483B1 /* RMCharacterEpisodeTableViewCellViewModel.swift */; };
		6C5056F329CD830F00FB6A72 /* RMCharacterSearchViewController.swift in Sources */ = {isa = PBXBuildFile; fileRef = 6C5056F229CD830F00FB6A72 /* RMCharacterSearchViewController.swift */; };
		6C5056F529CD84A600FB6A72 /* RMCharacterSearchViewControllerViewModel.swift in Sources */ = {isa = PBXBuildFile; fileRef = 6C5056F429CD84A600FB6A72 /* RMCharacterSearchViewControllerViewModel.swift */; };
		6C5056F729CD861800FB6A72 /* RMSearchCharacterView.swift in Sources */ = {isa = PBXBuildFile; fileRef = 6C5056F629CD861800FB6A72 /* RMSearchCharacterView.swift */; };
		6C5056FB29CD8F1300FB6A72 /* RMEpisodeListView.swift in Sources */ = {isa = PBXBuildFile; fileRef = 6C5056FA29CD8F1300FB6A72 /* RMEpisodeListView.swift */; };
		6C5056FD29CD8F4A00FB6A72 /* RMEpisodeListViewViewModel.swift in Sources */ = {isa = PBXBuildFile; fileRef = 6C5056FC29CD8F4A00FB6A72 /* RMEpisodeListViewViewModel.swift */; };
		6C5056FF29CD93D400FB6A72 /* RMEpisodeTableViewCell.swift in Sources */ = {isa = PBXBuildFile; fileRef = 6C5056FE29CD93D400FB6A72 /* RMEpisodeTableViewCell.swift */; };
		6C50570129CD94B000FB6A72 /* RMEpisodeTableViewCellViewModel.swift in Sources */ = {isa = PBXBuildFile; fileRef = 6C50570029CD94B000FB6A72 /* RMEpisodeTableViewCellViewModel.swift */; };
		6C8D985329BEC26F00D27396 /* RMCharacterListViewViewModel.swift in Sources */ = {isa = PBXBuildFile; fileRef = 6C8D985229BEC26F00D27396 /* RMCharacterListViewViewModel.swift */; };
		6C8D985529BEC33000D27396 /* RMCharacterListView.swift in Sources */ = {isa = PBXBuildFile; fileRef = 6C8D985429BEC33000D27396 /* RMCharacterListView.swift */; };
		6C8D985729BEF67100D27396 /* RMCharacterCollectionViewCell.swift in Sources */ = {isa = PBXBuildFile; fileRef = 6C8D985629BEF67100D27396 /* RMCharacterCollectionViewCell.swift */; };
		6C8D985929BEF9E200D27396 /* RMCharacterCollectionViewCellViewModel.swift in Sources */ = {isa = PBXBuildFile; fileRef = 6C8D985829BEF9E200D27396 /* RMCharacterCollectionViewCellViewModel.swift */; };
		6C8D985C29BF2C1200D27396 /* RMCharacterDetailViewController.swift in Sources */ = {isa = PBXBuildFile; fileRef = 6C8D985B29BF2C1200D27396 /* RMCharacterDetailViewController.swift */; };
		6C8D985E29BF2C8000D27396 /* RMCharacterDetailView.swift in Sources */ = {isa = PBXBuildFile; fileRef = 6C8D985D29BF2C8000D27396 /* RMCharacterDetailView.swift */; };
		6C8D986029BF2C9400D27396 /* RMCharacterDetailViewViewModel.swift in Sources */ = {isa = PBXBuildFile; fileRef = 6C8D985F29BF2C9400D27396 /* RMCharacterDetailViewViewModel.swift */; };
		6C8D986229C01E6900D27396 /* RMFooterLoadingCollectionReusableView.swift in Sources */ = {isa = PBXBuildFile; fileRef = 6C8D986129C01E6900D27396 /* RMFooterLoadingCollectionReusableView.swift */; };
		6C8F9D7F29C830B000CCC19D /* RMImageLoader.swift in Sources */ = {isa = PBXBuildFile; fileRef = 6C8F9D7E29C830B000CCC19D /* RMImageLoader.swift */; };
		6C92568729CC55E5006338EF /* RMCharacterEpisodeCollectionViewCell.swift in Sources */ = {isa = PBXBuildFile; fileRef = 6C92568629CC55E5006338EF /* RMCharacterEpisodeCollectionViewCell.swift */; };
		6C92568929CC5A6B006338EF /* RMCharacterEpisodeCollectionViewCellViewModel.swift in Sources */ = {isa = PBXBuildFile; fileRef = 6C92568829CC5A6B006338EF /* RMCharacterEpisodeCollectionViewCellViewModel.swift */; };
		6CAA9A8E29B9DC8400342083 /* RMService.swift in Sources */ = {isa = PBXBuildFile; fileRef = 6CAA9A8D29B9DC8400342083 /* RMService.swift */; };
		6CAA9A9029B9DC8F00342083 /* RMRequest.swift in Sources */ = {isa = PBXBuildFile; fileRef = 6CAA9A8F29B9DC8F00342083 /* RMRequest.swift */; };
		6CAA9A9229B9DC9F00342083 /* RMEndpoint.swift in Sources */ = {isa = PBXBuildFile; fileRef = 6CAA9A9129B9DC9F00342083 /* RMEndpoint.swift */; };
		6CAA9A9429B9DE3400342083 /* RMEpisode.swift in Sources */ = {isa = PBXBuildFile; fileRef = 6CAA9A9329B9DE3400342083 /* RMEpisode.swift */; };
		6CAA9A9629B9DE4000342083 /* RMLocation.swift in Sources */ = {isa = PBXBuildFile; fileRef = 6CAA9A9529B9DE4000342083 /* RMLocation.swift */; };
		6CAA9A9829B9DE4F00342083 /* RMCharacter.swift in Sources */ = {isa = PBXBuildFile; fileRef = 6CAA9A9729B9DE4F00342083 /* RMCharacter.swift */; };
		6CAA9A9A29B9EBCD00342083 /* RMOrigin.swift in Sources */ = {isa = PBXBuildFile; fileRef = 6CAA9A9929B9EBCD00342083 /* RMOrigin.swift */; };
		6CAA9A9C29B9EC1300342083 /* RMCharacterLocation.swift in Sources */ = {isa = PBXBuildFile; fileRef = 6CAA9A9B29B9EC1300342083 /* RMCharacterLocation.swift */; };
		6CAA9A9E29B9ECD500342083 /* RMCharacterStatus.swift in Sources */ = {isa = PBXBuildFile; fileRef = 6CAA9A9D29B9ECD500342083 /* RMCharacterStatus.swift */; };
		6CAA9AA029B9ED3300342083 /* RMCharacterGender.swift in Sources */ = {isa = PBXBuildFile; fileRef = 6CAA9A9F29B9ED3300342083 /* RMCharacterGender.swift */; };
		6CCF353A29BAE0C0006DA59E /* RMGetAllCharactersResponse.swift in Sources */ = {isa = PBXBuildFile; fileRef = 6CCF353929BAE0C0006DA59E /* RMGetAllCharactersResponse.swift */; };
		6CCF353C29BAE597006DA59E /* RMGetAllLocationsResponse.swift in Sources */ = {isa = PBXBuildFile; fileRef = 6CCF353B29BAE597006DA59E /* RMGetAllLocationsResponse.swift */; };
		6CCF353E29BAE5E3006DA59E /* RMResponseInfo.swift in Sources */ = {isa = PBXBuildFile; fileRef = 6CCF353D29BAE5E3006DA59E /* RMResponseInfo.swift */; };
		6CCF354029BAE62D006DA59E /* RMGetAllEpisodesResponse.swift in Sources */ = {isa = PBXBuildFile; fileRef = 6CCF353F29BAE62D006DA59E /* RMGetAllEpisodesResponse.swift */; };
		6CF33B0029C9BBB000AA3402 /* RMCharacterPhotoTableViewCell.swift in Sources */ = {isa = PBXBuildFile; fileRef = 6CF33AFF29C9BBB000AA3402 /* RMCharacterPhotoTableViewCell.swift */; };
		6CF33B0229C9BBBE00AA3402 /* RMCharacterInfoTableViewCell.swift in Sources */ = {isa = PBXBuildFile; fileRef = 6CF33B0129C9BBBE00AA3402 /* RMCharacterInfoTableViewCell.swift */; };
		6CF33B0429C9BBD600AA3402 /* RMCharacterEpisodeTableViewCell.swift in Sources */ = {isa = PBXBuildFile; fileRef = 6CF33B0329C9BBD600AA3402 /* RMCharacterEpisodeTableViewCell.swift */; };
/* End PBXBuildFile section */

/* Begin PBXFileReference section */
		6C2E7A1C29B9B0E00031C286 /* RickandMorty.app */ = {isa = PBXFileReference; explicitFileType = wrapper.application; includeInIndex = 0; path = RickandMorty.app; sourceTree = BUILT_PRODUCTS_DIR; };
		6C2E7A1F29B9B0E00031C286 /* AppDelegate.swift */ = {isa = PBXFileReference; lastKnownFileType = sourcecode.swift; path = AppDelegate.swift; sourceTree = "<group>"; };
		6C2E7A2129B9B0E00031C286 /* SceneDelegate.swift */ = {isa = PBXFileReference; lastKnownFileType = sourcecode.swift; path = SceneDelegate.swift; sourceTree = "<group>"; };
		6C2E7A2329B9B0E00031C286 /* RMTabViewController.swift */ = {isa = PBXFileReference; lastKnownFileType = sourcecode.swift; path = RMTabViewController.swift; sourceTree = "<group>"; };
		6C2E7A2829B9B0E10031C286 /* Assets.xcassets */ = {isa = PBXFileReference; lastKnownFileType = folder.assetcatalog; path = Assets.xcassets; sourceTree = "<group>"; };
		6C2E7A2B29B9B0E10031C286 /* Base */ = {isa = PBXFileReference; lastKnownFileType = file.storyboard; name = Base; path = Base.lproj/LaunchScreen.storyboard; sourceTree = "<group>"; };
		6C2E7A2D29B9B0E10031C286 /* Info.plist */ = {isa = PBXFileReference; lastKnownFileType = text.plist.xml; path = Info.plist; sourceTree = "<group>"; };
		6C2E7A3829B9BF5A0031C286 /* RMCharacterViewController.swift */ = {isa = PBXFileReference; lastKnownFileType = sourcecode.swift; path = RMCharacterViewController.swift; sourceTree = "<group>"; };
		6C2E7A3B29B9BF820031C286 /* RMLocationViewController.swift */ = {isa = PBXFileReference; lastKnownFileType = sourcecode.swift; path = RMLocationViewController.swift; sourceTree = "<group>"; };
		6C2E7A3D29B9BFAA0031C286 /* RMEpisodeViewController.swift */ = {isa = PBXFileReference; lastKnownFileType = sourcecode.swift; path = RMEpisodeViewController.swift; sourceTree = "<group>"; };
		6C2E7A3F29B9BFBE0031C286 /* RMSettingViewController.swift */ = {isa = PBXFileReference; lastKnownFileType = sourcecode.swift; path = RMSettingViewController.swift; sourceTree = "<group>"; };
		6C4D989029CAD6DD005483B1 /* RMCharacterPhotoTableViewCellViewModel.swift */ = {isa = PBXFileReference; lastKnownFileType = sourcecode.swift; path = RMCharacterPhotoTableViewCellViewModel.swift; sourceTree = "<group>"; };
		6C4D989329CAD713005483B1 /* RMCharacterInfoTableViewCellViewModel.swift */ = {isa = PBXFileReference; lastKnownFileType = sourcecode.swift; path = RMCharacterInfoTableViewCellViewModel.swift; sourceTree = "<group>"; };
		6C4D989529CAD728005483B1 /* RMCharacterEpisodeTableViewCellViewModel.swift */ = {isa = PBXFileReference; lastKnownFileType = sourcecode.swift; path = RMCharacterEpisodeTableViewCellViewModel.swift; sourceTree = "<group>"; };
		6C5056F229CD830F00FB6A72 /* RMCharacterSearchViewController.swift */ = {isa = PBXFileReference; lastKnownFileType = sourcecode.swift; path = RMCharacterSearchViewController.swift; sourceTree = "<group>"; };
		6C5056F429CD84A600FB6A72 /* RMCharacterSearchViewControllerViewModel.swift */ = {isa = PBXFileReference; lastKnownFileType = sourcecode.swift; path = RMCharacterSearchViewControllerViewModel.swift; sourceTree = "<group>"; };
		6C5056F629CD861800FB6A72 /* RMSearchCharacterView.swift */ = {isa = PBXFileReference; lastKnownFileType = sourcecode.swift; path = RMSearchCharacterView.swift; sourceTree = "<group>"; };
		6C5056FA29CD8F1300FB6A72 /* RMEpisodeListView.swift */ = {isa = PBXFileReference; lastKnownFileType = sourcecode.swift; path = RMEpisodeListView.swift; sourceTree = "<group>"; };
		6C5056FC29CD8F4A00FB6A72 /* RMEpisodeListViewViewModel.swift */ = {isa = PBXFileReference; lastKnownFileType = sourcecode.swift; path = RMEpisodeListViewViewModel.swift; sourceTree = "<group>"; };
		6C5056FE29CD93D400FB6A72 /* RMEpisodeTableViewCell.swift */ = {isa = PBXFileReference; lastKnownFileType = sourcecode.swift; path = RMEpisodeTableViewCell.swift; sourceTree = "<group>"; };
		6C50570029CD94B000FB6A72 /* RMEpisodeTableViewCellViewModel.swift */ = {isa = PBXFileReference; lastKnownFileType = sourcecode.swift; path = RMEpisodeTableViewCellViewModel.swift; sourceTree = "<group>"; };
		6C8D985229BEC26F00D27396 /* RMCharacterListViewViewModel.swift */ = {isa = PBXFileReference; lastKnownFileType = sourcecode.swift; path = RMCharacterListViewViewModel.swift; sourceTree = "<group>"; };
		6C8D985429BEC33000D27396 /* RMCharacterListView.swift */ = {isa = PBXFileReference; lastKnownFileType = sourcecode.swift; path = RMCharacterListView.swift; sourceTree = "<group>"; };
		6C8D985629BEF67100D27396 /* RMCharacterCollectionViewCell.swift */ = {isa = PBXFileReference; lastKnownFileType = sourcecode.swift; path = RMCharacterCollectionViewCell.swift; sourceTree = "<group>"; };
		6C8D985829BEF9E200D27396 /* RMCharacterCollectionViewCellViewModel.swift */ = {isa = PBXFileReference; lastKnownFileType = sourcecode.swift; path = RMCharacterCollectionViewCellViewModel.swift; sourceTree = "<group>"; };
		6C8D985B29BF2C1200D27396 /* RMCharacterDetailViewController.swift */ = {isa = PBXFileReference; lastKnownFileType = sourcecode.swift; path = RMCharacterDetailViewController.swift; sourceTree = "<group>"; };
		6C8D985D29BF2C8000D27396 /* RMCharacterDetailView.swift */ = {isa = PBXFileReference; lastKnownFileType = sourcecode.swift; path = RMCharacterDetailView.swift; sourceTree = "<group>"; };
		6C8D985F29BF2C9400D27396 /* RMCharacterDetailViewViewModel.swift */ = {isa = PBXFileReference; lastKnownFileType = sourcecode.swift; path = RMCharacterDetailViewViewModel.swift; sourceTree = "<group>"; };
		6C8D986129C01E6900D27396 /* RMFooterLoadingCollectionReusableView.swift */ = {isa = PBXFileReference; lastKnownFileType = sourcecode.swift; path = RMFooterLoadingCollectionReusableView.swift; sourceTree = "<group>"; };
		6C8F9D7E29C830B000CCC19D /* RMImageLoader.swift */ = {isa = PBXFileReference; lastKnownFileType = sourcecode.swift; path = RMImageLoader.swift; sourceTree = "<group>"; };
		6C92568629CC55E5006338EF /* RMCharacterEpisodeCollectionViewCell.swift */ = {isa = PBXFileReference; lastKnownFileType = sourcecode.swift; path = RMCharacterEpisodeCollectionViewCell.swift; sourceTree = "<group>"; };
		6C92568829CC5A6B006338EF /* RMCharacterEpisodeCollectionViewCellViewModel.swift */ = {isa = PBXFileReference; lastKnownFileType = sourcecode.swift; path = RMCharacterEpisodeCollectionViewCellViewModel.swift; sourceTree = "<group>"; };
		6CAA9A8D29B9DC8400342083 /* RMService.swift */ = {isa = PBXFileReference; lastKnownFileType = sourcecode.swift; path = RMService.swift; sourceTree = "<group>"; };
		6CAA9A8F29B9DC8F00342083 /* RMRequest.swift */ = {isa = PBXFileReference; lastKnownFileType = sourcecode.swift; path = RMRequest.swift; sourceTree = "<group>"; };
		6CAA9A9129B9DC9F00342083 /* RMEndpoint.swift */ = {isa = PBXFileReference; lastKnownFileType = sourcecode.swift; path = RMEndpoint.swift; sourceTree = "<group>"; };
		6CAA9A9329B9DE3400342083 /* RMEpisode.swift */ = {isa = PBXFileReference; lastKnownFileType = sourcecode.swift; path = RMEpisode.swift; sourceTree = "<group>"; };
		6CAA9A9529B9DE4000342083 /* RMLocation.swift */ = {isa = PBXFileReference; lastKnownFileType = sourcecode.swift; path = RMLocation.swift; sourceTree = "<group>"; };
		6CAA9A9729B9DE4F00342083 /* RMCharacter.swift */ = {isa = PBXFileReference; lastKnownFileType = sourcecode.swift; path = RMCharacter.swift; sourceTree = "<group>"; };
		6CAA9A9929B9EBCD00342083 /* RMOrigin.swift */ = {isa = PBXFileReference; lastKnownFileType = sourcecode.swift; path = RMOrigin.swift; sourceTree = "<group>"; };
		6CAA9A9B29B9EC1300342083 /* RMCharacterLocation.swift */ = {isa = PBXFileReference; lastKnownFileType = sourcecode.swift; path = RMCharacterLocation.swift; sourceTree = "<group>"; };
		6CAA9A9D29B9ECD500342083 /* RMCharacterStatus.swift */ = {isa = PBXFileReference; lastKnownFileType = sourcecode.swift; path = RMCharacterStatus.swift; sourceTree = "<group>"; };
		6CAA9A9F29B9ED3300342083 /* RMCharacterGender.swift */ = {isa = PBXFileReference; lastKnownFileType = sourcecode.swift; path = RMCharacterGender.swift; sourceTree = "<group>"; };
		6CCF353929BAE0C0006DA59E /* RMGetAllCharactersResponse.swift */ = {isa = PBXFileReference; lastKnownFileType = sourcecode.swift; path = RMGetAllCharactersResponse.swift; sourceTree = "<group>"; };
		6CCF353B29BAE597006DA59E /* RMGetAllLocationsResponse.swift */ = {isa = PBXFileReference; lastKnownFileType = sourcecode.swift; path = RMGetAllLocationsResponse.swift; sourceTree = "<group>"; };
		6CCF353D29BAE5E3006DA59E /* RMResponseInfo.swift */ = {isa = PBXFileReference; lastKnownFileType = sourcecode.swift; path = RMResponseInfo.swift; sourceTree = "<group>"; };
		6CCF353F29BAE62D006DA59E /* RMGetAllEpisodesResponse.swift */ = {isa = PBXFileReference; lastKnownFileType = sourcecode.swift; path = RMGetAllEpisodesResponse.swift; sourceTree = "<group>"; };
		6CF33AFF29C9BBB000AA3402 /* RMCharacterPhotoTableViewCell.swift */ = {isa = PBXFileReference; lastKnownFileType = sourcecode.swift; path = RMCharacterPhotoTableViewCell.swift; sourceTree = "<group>"; };
		6CF33B0129C9BBBE00AA3402 /* RMCharacterInfoTableViewCell.swift */ = {isa = PBXFileReference; lastKnownFileType = sourcecode.swift; path = RMCharacterInfoTableViewCell.swift; sourceTree = "<group>"; };
		6CF33B0329C9BBD600AA3402 /* RMCharacterEpisodeTableViewCell.swift */ = {isa = PBXFileReference; lastKnownFileType = sourcecode.swift; path = RMCharacterEpisodeTableViewCell.swift; sourceTree = "<group>"; };
/* End PBXFileReference section */

/* Begin PBXFrameworksBuildPhase section */
		6C2E7A1929B9B0E00031C286 /* Frameworks */ = {
			isa = PBXFrameworksBuildPhase;
			buildActionMask = 2147483647;
			files = (
			);
			runOnlyForDeploymentPostprocessing = 0;
		};
/* End PBXFrameworksBuildPhase section */

/* Begin PBXGroup section */
		6C2E7A1329B9B0E00031C286 = {
			isa = PBXGroup;
			children = (
				6C2E7A1E29B9B0E00031C286 /* RickandMorty */,
				6C2E7A1D29B9B0E00031C286 /* Products */,
			);
			sourceTree = "<group>";
		};
		6C2E7A1D29B9B0E00031C286 /* Products */ = {
			isa = PBXGroup;
			children = (
				6C2E7A1C29B9B0E00031C286 /* RickandMorty.app */,
			);
			name = Products;
			sourceTree = "<group>";
		};
		6C2E7A1E29B9B0E00031C286 /* RickandMorty */ = {
			isa = PBXGroup;
			children = (
				6C2E7A3329B9BE630031C286 /* Resources */,
				6C2E7A3429B9BE730031C286 /* Models */,
				6C8F9D7C29C8308500CCC19D /* Managers */,
				6C8D985129BEC23500D27396 /* ViewModels */,
				6C2E7A3529B9BEA40031C286 /* APIClient */,
				6C2E7A3629B9BEB50031C286 /* Views */,
				6C2E7A3729B9BEC60031C286 /* ViewControllers */,
				6C2E7A2829B9B0E10031C286 /* Assets.xcassets */,
				6C2E7A2A29B9B0E10031C286 /* LaunchScreen.storyboard */,
				6C2E7A2D29B9B0E10031C286 /* Info.plist */,
			);
			path = RickandMorty;
			sourceTree = "<group>";
		};
		6C2E7A3329B9BE630031C286 /* Resources */ = {
			isa = PBXGroup;
			children = (
				6C2E7A1F29B9B0E00031C286 /* AppDelegate.swift */,
				6C2E7A2129B9B0E00031C286 /* SceneDelegate.swift */,
			);
			path = Resources;
			sourceTree = "<group>";
		};
		6C2E7A3429B9BE730031C286 /* Models */ = {
			isa = PBXGroup;
			children = (
				6CCF353829BADDCA006DA59E /* APIResponseTypes */,
				6CCF353729BADDB3006DA59E /* DataTyps */,
			);
			path = Models;
			sourceTree = "<group>";
		};
		6C2E7A3529B9BEA40031C286 /* APIClient */ = {
			isa = PBXGroup;
			children = (
				6CAA9A8D29B9DC8400342083 /* RMService.swift */,
				6CAA9A8F29B9DC8F00342083 /* RMRequest.swift */,
				6CAA9A9129B9DC9F00342083 /* RMEndpoint.swift */,
			);
			path = APIClient;
			sourceTree = "<group>";
		};
		6C2E7A3629B9BEB50031C286 /* Views */ = {
			isa = PBXGroup;
			children = (
				6CF33AFE29C9BB7700AA3402 /* Character */,
				6C5056F929CD8EB600FB6A72 /* Episode */,
			);
			path = Views;
			sourceTree = "<group>";
		};
		6C2E7A3729B9BEC60031C286 /* ViewControllers */ = {
			isa = PBXGroup;
			children = (
				6C8D985A29BF2BF300D27396 /* Other */,
				6C2E7A4129B9C52F0031C286 /* Core */,
			);
			path = ViewControllers;
			sourceTree = "<group>";
		};
		6C2E7A4129B9C52F0031C286 /* Core */ = {
			isa = PBXGroup;
			children = (
				6C2E7A2329B9B0E00031C286 /* RMTabViewController.swift */,
				6C2E7A3829B9BF5A0031C286 /* RMCharacterViewController.swift */,
				6C2E7A3B29B9BF820031C286 /* RMLocationViewController.swift */,
				6C2E7A3D29B9BFAA0031C286 /* RMEpisodeViewController.swift */,
				6C2E7A3F29B9BFBE0031C286 /* RMSettingViewController.swift */,
			);
			path = Core;
			sourceTree = "<group>";
		};
		6C4D989229CAD6EC005483B1 /* Characters */ = {
			isa = PBXGroup;
			children = (
				6C8D985229BEC26F00D27396 /* RMCharacterListViewViewModel.swift */,
				6C8D985F29BF2C9400D27396 /* RMCharacterDetailViewViewModel.swift */,
				6C8D985829BEF9E200D27396 /* RMCharacterCollectionViewCellViewModel.swift */,
				6C4D989029CAD6DD005483B1 /* RMCharacterPhotoTableViewCellViewModel.swift */,
				6C4D989329CAD713005483B1 /* RMCharacterInfoTableViewCellViewModel.swift */,
				6C4D989529CAD728005483B1 /* RMCharacterEpisodeTableViewCellViewModel.swift */,
				6C92568829CC5A6B006338EF /* RMCharacterEpisodeCollectionViewCellViewModel.swift */,
				6C5056F429CD84A600FB6A72 /* RMCharacterSearchViewControllerViewModel.swift */,
			);
			name = Characters;
			sourceTree = "<group>";
		};
		6C5056F829CD897C00FB6A72 /* Episode */ = {
			isa = PBXGroup;
			children = (
				6C5056FC29CD8F4A00FB6A72 /* RMEpisodeListViewViewModel.swift */,
				6C50570029CD94B000FB6A72 /* RMEpisodeTableViewCellViewModel.swift */,
			);
			name = Episode;
			sourceTree = "<group>";
		};
		6C5056F929CD8EB600FB6A72 /* Episode */ = {
			isa = PBXGroup;
			children = (
				6C5056FA29CD8F1300FB6A72 /* RMEpisodeListView.swift */,
				6C5056FE29CD93D400FB6A72 /* RMEpisodeTableViewCell.swift */,
			);
			path = Episode;
			sourceTree = "<group>";
		};
		6C8D985129BEC23500D27396 /* ViewModels */ = {
			isa = PBXGroup;
			children = (
				6C4D989229CAD6EC005483B1 /* Characters */,
				6C5056F829CD897C00FB6A72 /* Episode */,
			);
			name = ViewModels;
			sourceTree = "<group>";
		};
		6C8D985A29BF2BF300D27396 /* Other */ = {
			isa = PBXGroup;
			children = (
				6C8D985B29BF2C1200D27396 /* RMCharacterDetailViewController.swift */,
				6C5056F229CD830F00FB6A72 /* RMCharacterSearchViewController.swift */,
			);
			path = Other;
			sourceTree = "<group>";
		};
		6C8F9D7C29C8308500CCC19D /* Managers */ = {
			isa = PBXGroup;
			children = (
				6C8F9D7D29C8309600CCC19D /* RMImageLoader */,
			);
			path = Managers;
			sourceTree = "<group>";
		};
		6C8F9D7D29C8309600CCC19D /* RMImageLoader */ = {
			isa = PBXGroup;
			children = (
				6C8F9D7E29C830B000CCC19D /* RMImageLoader.swift */,
			);
			path = RMImageLoader;
			sourceTree = "<group>";
		};
		6CCF353729BADDB3006DA59E /* DataTyps */ = {
			isa = PBXGroup;
			children = (
				6CAA9A9729B9DE4F00342083 /* RMCharacter.swift */,
				6CAA9A9529B9DE4000342083 /* RMLocation.swift */,
				6CAA9A9329B9DE3400342083 /* RMEpisode.swift */,
				6CAA9A9929B9EBCD00342083 /* RMOrigin.swift */,
				6CAA9A9B29B9EC1300342083 /* RMCharacterLocation.swift */,
				6CAA9A9D29B9ECD500342083 /* RMCharacterStatus.swift */,
				6CAA9A9F29B9ED3300342083 /* RMCharacterGender.swift */,
			);
			path = DataTyps;
			sourceTree = "<group>";
		};
		6CCF353829BADDCA006DA59E /* APIResponseTypes */ = {
			isa = PBXGroup;
			children = (
				6CCF353D29BAE5E3006DA59E /* RMResponseInfo.swift */,
				6CCF353929BAE0C0006DA59E /* RMGetAllCharactersResponse.swift */,
				6CCF353B29BAE597006DA59E /* RMGetAllLocationsResponse.swift */,
				6CCF353F29BAE62D006DA59E /* RMGetAllEpisodesResponse.swift */,
			);
			path = APIResponseTypes;
			sourceTree = "<group>";
		};
		6CF33AFE29C9BB7700AA3402 /* Character */ = {
			isa = PBXGroup;
			children = (
				6C8D985429BEC33000D27396 /* RMCharacterListView.swift */,
				6C8D985629BEF67100D27396 /* RMCharacterCollectionViewCell.swift */,
				6C8D985D29BF2C8000D27396 /* RMCharacterDetailView.swift */,
				6CF33AFF29C9BBB000AA3402 /* RMCharacterPhotoTableViewCell.swift */,
				6CF33B0129C9BBBE00AA3402 /* RMCharacterInfoTableViewCell.swift */,
				6C8D986129C01E6900D27396 /* RMFooterLoadingCollectionReusableView.swift */,
				6CF33B0329C9BBD600AA3402 /* RMCharacterEpisodeTableViewCell.swift */,
				6C92568629CC55E5006338EF /* RMCharacterEpisodeCollectionViewCell.swift */,
				6C5056F629CD861800FB6A72 /* RMSearchCharacterView.swift */,
			);
			path = Character;
			sourceTree = "<group>";
		};
/* End PBXGroup section */

/* Begin PBXNativeTarget section */
		6C2E7A1B29B9B0E00031C286 /* RickandMorty */ = {
			isa = PBXNativeTarget;
			buildConfigurationList = 6C2E7A3029B9B0E10031C286 /* Build configuration list for PBXNativeTarget "RickandMorty" */;
			buildPhases = (
				6C2E7A1829B9B0E00031C286 /* Sources */,
				6C2E7A1929B9B0E00031C286 /* Frameworks */,
				6C2E7A1A29B9B0E00031C286 /* Resources */,
			);
			buildRules = (
			);
			dependencies = (
			);
			name = RickandMorty;
			productName = RickandMorty;
			productReference = 6C2E7A1C29B9B0E00031C286 /* RickandMorty.app */;
			productType = "com.apple.product-type.application";
		};
/* End PBXNativeTarget section */

/* Begin PBXProject section */
		6C2E7A1429B9B0E00031C286 /* Project object */ = {
			isa = PBXProject;
			attributes = {
				BuildIndependentTargetsInParallel = 1;
				LastSwiftUpdateCheck = 1420;
				LastUpgradeCheck = 1420;
				TargetAttributes = {
					6C2E7A1B29B9B0E00031C286 = {
						CreatedOnToolsVersion = 14.2;
					};
				};
			};
			buildConfigurationList = 6C2E7A1729B9B0E00031C286 /* Build configuration list for PBXProject "RickandMorty" */;
			compatibilityVersion = "Xcode 14.0";
			developmentRegion = en;
			hasScannedForEncodings = 0;
			knownRegions = (
				en,
				Base,
			);
			mainGroup = 6C2E7A1329B9B0E00031C286;
			productRefGroup = 6C2E7A1D29B9B0E00031C286 /* Products */;
			projectDirPath = "";
			projectRoot = "";
			targets = (
				6C2E7A1B29B9B0E00031C286 /* RickandMorty */,
			);
		};
/* End PBXProject section */

/* Begin PBXResourcesBuildPhase section */
		6C2E7A1A29B9B0E00031C286 /* Resources */ = {
			isa = PBXResourcesBuildPhase;
			buildActionMask = 2147483647;
			files = (
				6C2E7A2C29B9B0E10031C286 /* LaunchScreen.storyboard in Resources */,
				6C2E7A2929B9B0E10031C286 /* Assets.xcassets in Resources */,
			);
			runOnlyForDeploymentPostprocessing = 0;
		};
/* End PBXResourcesBuildPhase section */

/* Begin PBXSourcesBuildPhase section */
		6C2E7A1829B9B0E00031C286 /* Sources */ = {
			isa = PBXSourcesBuildPhase;
			buildActionMask = 2147483647;
			files = (
				6CAA9A9A29B9EBCD00342083 /* RMOrigin.swift in Sources */,
				6C2E7A2429B9B0E00031C286 /* RMTabViewController.swift in Sources */,
				6CCF353A29BAE0C0006DA59E /* RMGetAllCharactersResponse.swift in Sources */,
				6CAA9A9E29B9ECD500342083 /* RMCharacterStatus.swift in Sources */,
				6CAA9AA029B9ED3300342083 /* RMCharacterGender.swift in Sources */,
				6C4D989629CAD728005483B1 /* RMCharacterEpisodeTableViewCellViewModel.swift in Sources */,
				6C5056F529CD84A600FB6A72 /* RMCharacterSearchViewControllerViewModel.swift in Sources */,
				6CAA9A9029B9DC8F00342083 /* RMRequest.swift in Sources */,
				6C50570129CD94B000FB6A72 /* RMEpisodeTableViewCellViewModel.swift in Sources */,
				6CAA9A9C29B9EC1300342083 /* RMCharacterLocation.swift in Sources */,
				6C2E7A4029B9BFBE0031C286 /* RMSettingViewController.swift in Sources */,
				6CAA9A8E29B9DC8400342083 /* RMService.swift in Sources */,
				6CCF354029BAE62D006DA59E /* RMGetAllEpisodesResponse.swift in Sources */,
				6C4D989429CAD713005483B1 /* RMCharacterInfoTableViewCellViewModel.swift in Sources */,
				6CCF353C29BAE597006DA59E /* RMGetAllLocationsResponse.swift in Sources */,
				6C2E7A3C29B9BF820031C286 /* RMLocationViewController.swift in Sources */,
				6C8D985329BEC26F00D27396 /* RMCharacterListViewViewModel.swift in Sources */,
				6C8D986029BF2C9400D27396 /* RMCharacterDetailViewViewModel.swift in Sources */,
				6C5056F729CD861800FB6A72 /* RMSearchCharacterView.swift in Sources */,
				6C4D989129CAD6DD005483B1 /* RMCharacterPhotoTableViewCellViewModel.swift in Sources */,
				6C8D985929BEF9E200D27396 /* RMCharacterCollectionViewCellViewModel.swift in Sources */,
				6C92568929CC5A6B006338EF /* RMCharacterEpisodeCollectionViewCellViewModel.swift in Sources */,
				6C2E7A3929B9BF5A0031C286 /* RMCharacterViewController.swift in Sources */,
				6CF33B0429C9BBD600AA3402 /* RMCharacterEpisodeTableViewCell.swift in Sources */,
				6C2E7A3E29B9BFAA0031C286 /* RMEpisodeViewController.swift in Sources */,
				6CCF353E29BAE5E3006DA59E /* RMResponseInfo.swift in Sources */,
				6CAA9A9629B9DE4000342083 /* RMLocation.swift in Sources */,
				6C8F9D7F29C830B000CCC19D /* RMImageLoader.swift in Sources */,
				6C5056FB29CD8F1300FB6A72 /* RMEpisodeListView.swift in Sources */,
				6C8D985729BEF67100D27396 /* RMCharacterCollectionViewCell.swift in Sources */,
				6CAA9A9229B9DC9F00342083 /* RMEndpoint.swift in Sources */,
				6C92568729CC55E5006338EF /* RMCharacterEpisodeCollectionViewCell.swift in Sources */,
				6CF33B0029C9BBB000AA3402 /* RMCharacterPhotoTableViewCell.swift in Sources */,
				6C8D985E29BF2C8000D27396 /* RMCharacterDetailView.swift in Sources */,
				6CF33B0229C9BBBE00AA3402 /* RMCharacterInfoTableViewCell.swift in Sources */,
				6C8D985C29BF2C1200D27396 /* RMCharacterDetailViewController.swift in Sources */,
				6C2E7A2029B9B0E00031C286 /* AppDelegate.swift in Sources */,
				6C8D986229C01E6900D27396 /* RMFooterLoadingCollectionReusableView.swift in Sources */,
				6CAA9A9829B9DE4F00342083 /* RMCharacter.swift in Sources */,
				6C2E7A2229B9B0E00031C286 /* SceneDelegate.swift in Sources */,
				6CAA9A9429B9DE3400342083 /* RMEpisode.swift in Sources */,
				6C5056FD29CD8F4A00FB6A72 /* RMEpisodeListViewViewModel.swift in Sources */,
				6C5056F329CD830F00FB6A72 /* RMCharacterSearchViewController.swift in Sources */,
				6C5056FF29CD93D400FB6A72 /* RMEpisodeTableViewCell.swift in Sources */,
				6C8D985529BEC33000D27396 /* RMCharacterListView.swift in Sources */,
			);
			runOnlyForDeploymentPostprocessing = 0;
		};
/* End PBXSourcesBuildPhase section */

/* Begin PBXVariantGroup section */
		6C2E7A2A29B9B0E10031C286 /* LaunchScreen.storyboard */ = {
			isa = PBXVariantGroup;
			children = (
				6C2E7A2B29B9B0E10031C286 /* Base */,
			);
			name = LaunchScreen.storyboard;
			sourceTree = "<group>";
		};
/* End PBXVariantGroup section */

/* Begin XCBuildConfiguration section */
		6C2E7A2E29B9B0E10031C286 /* Debug */ = {
			isa = XCBuildConfiguration;
			buildSettings = {
				ALWAYS_SEARCH_USER_PATHS = NO;
				CLANG_ANALYZER_NONNULL = YES;
				CLANG_ANALYZER_NUMBER_OBJECT_CONVERSION = YES_AGGRESSIVE;
				CLANG_CXX_LANGUAGE_STANDARD = "gnu++20";
				CLANG_ENABLE_MODULES = YES;
				CLANG_ENABLE_OBJC_ARC = YES;
				CLANG_ENABLE_OBJC_WEAK = YES;
				CLANG_WARN_BLOCK_CAPTURE_AUTORELEASING = YES;
				CLANG_WARN_BOOL_CONVERSION = YES;
				CLANG_WARN_COMMA = YES;
				CLANG_WARN_CONSTANT_CONVERSION = YES;
				CLANG_WARN_DEPRECATED_OBJC_IMPLEMENTATIONS = YES;
				CLANG_WARN_DIRECT_OBJC_ISA_USAGE = YES_ERROR;
				CLANG_WARN_DOCUMENTATION_COMMENTS = YES;
				CLANG_WARN_EMPTY_BODY = YES;
				CLANG_WARN_ENUM_CONVERSION = YES;
				CLANG_WARN_INFINITE_RECURSION = YES;
				CLANG_WARN_INT_CONVERSION = YES;
				CLANG_WARN_NON_LITERAL_NULL_CONVERSION = YES;
				CLANG_WARN_OBJC_IMPLICIT_RETAIN_SELF = YES;
				CLANG_WARN_OBJC_LITERAL_CONVERSION = YES;
				CLANG_WARN_OBJC_ROOT_CLASS = YES_ERROR;
				CLANG_WARN_QUOTED_INCLUDE_IN_FRAMEWORK_HEADER = YES;
				CLANG_WARN_RANGE_LOOP_ANALYSIS = YES;
				CLANG_WARN_STRICT_PROTOTYPES = YES;
				CLANG_WARN_SUSPICIOUS_MOVE = YES;
				CLANG_WARN_UNGUARDED_AVAILABILITY = YES_AGGRESSIVE;
				CLANG_WARN_UNREACHABLE_CODE = YES;
				CLANG_WARN__DUPLICATE_METHOD_MATCH = YES;
				COPY_PHASE_STRIP = NO;
				DEBUG_INFORMATION_FORMAT = dwarf;
				ENABLE_STRICT_OBJC_MSGSEND = YES;
				ENABLE_TESTABILITY = YES;
				GCC_C_LANGUAGE_STANDARD = gnu11;
				GCC_DYNAMIC_NO_PIC = NO;
				GCC_NO_COMMON_BLOCKS = YES;
				GCC_OPTIMIZATION_LEVEL = 0;
				GCC_PREPROCESSOR_DEFINITIONS = (
					"DEBUG=1",
					"$(inherited)",
				);
				GCC_WARN_64_TO_32_BIT_CONVERSION = YES;
				GCC_WARN_ABOUT_RETURN_TYPE = YES_ERROR;
				GCC_WARN_UNDECLARED_SELECTOR = YES;
				GCC_WARN_UNINITIALIZED_AUTOS = YES_AGGRESSIVE;
				GCC_WARN_UNUSED_FUNCTION = YES;
				GCC_WARN_UNUSED_VARIABLE = YES;
				IPHONEOS_DEPLOYMENT_TARGET = 16.2;
				MTL_ENABLE_DEBUG_INFO = INCLUDE_SOURCE;
				MTL_FAST_MATH = YES;
				ONLY_ACTIVE_ARCH = YES;
				SDKROOT = iphoneos;
				SWIFT_ACTIVE_COMPILATION_CONDITIONS = DEBUG;
				SWIFT_OPTIMIZATION_LEVEL = "-Onone";
			};
			name = Debug;
		};
		6C2E7A2F29B9B0E10031C286 /* Release */ = {
			isa = XCBuildConfiguration;
			buildSettings = {
				ALWAYS_SEARCH_USER_PATHS = NO;
				CLANG_ANALYZER_NONNULL = YES;
				CLANG_ANALYZER_NUMBER_OBJECT_CONVERSION = YES_AGGRESSIVE;
				CLANG_CXX_LANGUAGE_STANDARD = "gnu++20";
				CLANG_ENABLE_MODULES = YES;
				CLANG_ENABLE_OBJC_ARC = YES;
				CLANG_ENABLE_OBJC_WEAK = YES;
				CLANG_WARN_BLOCK_CAPTURE_AUTORELEASING = YES;
				CLANG_WARN_BOOL_CONVERSION = YES;
				CLANG_WARN_COMMA = YES;
				CLANG_WARN_CONSTANT_CONVERSION = YES;
				CLANG_WARN_DEPRECATED_OBJC_IMPLEMENTATIONS = YES;
				CLANG_WARN_DIRECT_OBJC_ISA_USAGE = YES_ERROR;
				CLANG_WARN_DOCUMENTATION_COMMENTS = YES;
				CLANG_WARN_EMPTY_BODY = YES;
				CLANG_WARN_ENUM_CONVERSION = YES;
				CLANG_WARN_INFINITE_RECURSION = YES;
				CLANG_WARN_INT_CONVERSION = YES;
				CLANG_WARN_NON_LITERAL_NULL_CONVERSION = YES;
				CLANG_WARN_OBJC_IMPLICIT_RETAIN_SELF = YES;
				CLANG_WARN_OBJC_LITERAL_CONVERSION = YES;
				CLANG_WARN_OBJC_ROOT_CLASS = YES_ERROR;
				CLANG_WARN_QUOTED_INCLUDE_IN_FRAMEWORK_HEADER = YES;
				CLANG_WARN_RANGE_LOOP_ANALYSIS = YES;
				CLANG_WARN_STRICT_PROTOTYPES = YES;
				CLANG_WARN_SUSPICIOUS_MOVE = YES;
				CLANG_WARN_UNGUARDED_AVAILABILITY = YES_AGGRESSIVE;
				CLANG_WARN_UNREACHABLE_CODE = YES;
				CLANG_WARN__DUPLICATE_METHOD_MATCH = YES;
				COPY_PHASE_STRIP = NO;
				DEBUG_INFORMATION_FORMAT = "dwarf-with-dsym";
				ENABLE_NS_ASSERTIONS = NO;
				ENABLE_STRICT_OBJC_MSGSEND = YES;
				GCC_C_LANGUAGE_STANDARD = gnu11;
				GCC_NO_COMMON_BLOCKS = YES;
				GCC_WARN_64_TO_32_BIT_CONVERSION = YES;
				GCC_WARN_ABOUT_RETURN_TYPE = YES_ERROR;
				GCC_WARN_UNDECLARED_SELECTOR = YES;
				GCC_WARN_UNINITIALIZED_AUTOS = YES_AGGRESSIVE;
				GCC_WARN_UNUSED_FUNCTION = YES;
				GCC_WARN_UNUSED_VARIABLE = YES;
				IPHONEOS_DEPLOYMENT_TARGET = 16.2;
				MTL_ENABLE_DEBUG_INFO = NO;
				MTL_FAST_MATH = YES;
				SDKROOT = iphoneos;
				SWIFT_COMPILATION_MODE = wholemodule;
				SWIFT_OPTIMIZATION_LEVEL = "-O";
				VALIDATE_PRODUCT = YES;
			};
			name = Release;
		};
		6C2E7A3129B9B0E10031C286 /* Debug */ = {
			isa = XCBuildConfiguration;
			buildSettings = {
				ASSETCATALOG_COMPILER_APPICON_NAME = AppIcon;
				ASSETCATALOG_COMPILER_GLOBAL_ACCENT_COLOR_NAME = AccentColor;
				CODE_SIGN_STYLE = Manual;
				CURRENT_PROJECT_VERSION = 1;
				DEVELOPMENT_TEAM = "";
				GENERATE_INFOPLIST_FILE = YES;
				INFOPLIST_FILE = RickandMorty/Info.plist;
				INFOPLIST_KEY_UIApplicationSupportsIndirectInputEvents = YES;
				INFOPLIST_KEY_UILaunchStoryboardName = LaunchScreen;
				INFOPLIST_KEY_UISupportedInterfaceOrientations = UIInterfaceOrientationPortrait;
				LD_RUNPATH_SEARCH_PATHS = (
					"$(inherited)",
					"@executable_path/Frameworks",
				);
				MARKETING_VERSION = 1.0;
				PRODUCT_BUNDLE_IDENTIFIER = "cn.com.fenrir-inc.RickandMorty";
				PRODUCT_NAME = "$(TARGET_NAME)";
				PROVISIONING_PROFILE_SPECIFIER = "";
				SWIFT_EMIT_LOC_STRINGS = YES;
				SWIFT_VERSION = 5.0;
				TARGETED_DEVICE_FAMILY = "1,2";
			};
			name = Debug;
		};
		6C2E7A3229B9B0E10031C286 /* Release */ = {
			isa = XCBuildConfiguration;
			buildSettings = {
				ASSETCATALOG_COMPILER_APPICON_NAME = AppIcon;
				ASSETCATALOG_COMPILER_GLOBAL_ACCENT_COLOR_NAME = AccentColor;
				CODE_SIGN_STYLE = Manual;
				CURRENT_PROJECT_VERSION = 1;
				DEVELOPMENT_TEAM = "";
				GENERATE_INFOPLIST_FILE = YES;
				INFOPLIST_FILE = RickandMorty/Info.plist;
				INFOPLIST_KEY_UIApplicationSupportsIndirectInputEvents = YES;
				INFOPLIST_KEY_UILaunchStoryboardName = LaunchScreen;
				INFOPLIST_KEY_UISupportedInterfaceOrientations = UIInterfaceOrientationPortrait;
				LD_RUNPATH_SEARCH_PATHS = (
					"$(inherited)",
					"@executable_path/Frameworks",
				);
				MARKETING_VERSION = 1.0;
				PRODUCT_BUNDLE_IDENTIFIER = "cn.com.fenrir-inc.RickandMorty";
				PRODUCT_NAME = "$(TARGET_NAME)";
				PROVISIONING_PROFILE_SPECIFIER = "";
				SWIFT_EMIT_LOC_STRINGS = YES;
				SWIFT_VERSION = 5.0;
				TARGETED_DEVICE_FAMILY = "1,2";
			};
			name = Release;
		};
/* End XCBuildConfiguration section */

/* Begin XCConfigurationList section */
		6C2E7A1729B9B0E00031C286 /* Build configuration list for PBXProject "RickandMorty" */ = {
			isa = XCConfigurationList;
			buildConfigurations = (
				6C2E7A2E29B9B0E10031C286 /* Debug */,
				6C2E7A2F29B9B0E10031C286 /* Release */,
			);
			defaultConfigurationIsVisible = 0;
			defaultConfigurationName = Release;
		};
		6C2E7A3029B9B0E10031C286 /* Build configuration list for PBXNativeTarget "RickandMorty" */ = {
			isa = XCConfigurationList;
			buildConfigurations = (
				6C2E7A3129B9B0E10031C286 /* Debug */,
				6C2E7A3229B9B0E10031C286 /* Release */,
			);
			defaultConfigurationIsVisible = 0;
			defaultConfigurationName = Release;
		};
/* End XCConfigurationList section */
	};
	rootObject = 6C2E7A1429B9B0E00031C286 /* Project object */;
}
